
Microsoft Visual Studio Solution File, Format Version 12.00
# Visual Studio Version 17
VisualStudioVersion = 17.0.31903.59
MinimumVisualStudioVersion = 10.0.40219.1
Project("{FAE04EC0-301F-11D3-BF4B-00C04F79EFBC}") = "API", "API\API.csproj", "{CEBDAEC6-AB0D-4CAD-BB90-C76B02B27C67}"
EndProject
Project("{FAE04EC0-301F-11D3-BF4B-00C04F79EFBC}") = "Core", "Core\Core.csproj", "{6A0E43DC-EF2B-4AA9-952C-6E6ED3AF285C}"
EndProject
Project("{FAE04EC0-301F-11D3-BF4B-00C04F79EFBC}") = "Infrastructure", "Infrastructure\Infrastructure.csproj", "{C4DA5F45-394E-4F13-91F2-C7C4C016B34A}"
EndProject
Global
	GlobalSection(SolutionConfigurationPlatforms) = preSolution
		Debug|Any CPU = Debug|Any CPU
		Release|Any CPU = Release|Any CPU
	EndGlobalSection
	GlobalSection(SolutionProperties) = preSolution
		HideSolutionNode = FALSE
	EndGlobalSection
	GlobalSection(ProjectConfigurationPlatforms) = postSolution
		{CEBDAEC6-AB0D-4CAD-BB90-C76B02B27C67}.Debug|Any CPU.ActiveCfg = Debug|Any CPU
		{CEBDAEC6-AB0D-4CAD-BB90-C76B02B27C67}.Debug|Any CPU.Build.0 = Debug|Any CPU
		{CEBDAEC6-AB0D-4CAD-BB90-C76B02B27C67}.Release|Any CPU.ActiveCfg = Release|Any CPU
		{CEBDAEC6-AB0D-4CAD-BB90-C76B02B27C67}.Release|Any CPU.Build.0 = Release|Any CPU
		{6A0E43DC-EF2B-4AA9-952C-6E6ED3AF285C}.Debug|Any CPU.ActiveCfg = Debug|Any CPU
		{6A0E43DC-EF2B-4AA9-952C-6E6ED3AF285C}.Debug|Any CPU.Build.0 = Debug|Any CPU
		{6A0E43DC-EF2B-4AA9-952C-6E6ED3AF285C}.Release|Any CPU.ActiveCfg = Release|Any CPU
		{6A0E43DC-EF2B-4AA9-952C-6E6ED3AF285C}.Release|Any CPU.Build.0 = Release|Any CPU
		{C4DA5F45-394E-4F13-91F2-C7C4C016B34A}.Debug|Any CPU.ActiveCfg = Debug|Any CPU
		{C4DA5F45-394E-4F13-91F2-C7C4C016B34A}.Debug|Any CPU.Build.0 = Debug|Any CPU
		{C4DA5F45-394E-4F13-91F2-C7C4C016B34A}.Release|Any CPU.ActiveCfg = Release|Any CPU
		{C4DA5F45-394E-4F13-91F2-C7C4C016B34A}.Release|Any CPU.Build.0 = Release|Any CPU
	EndGlobalSection
EndGlobal
